
Microsoft Visual Studio Solution File, Format Version 12.00
# Visual Studio Version 17
VisualStudioVersion = 17.14.36221.1
MinimumVisualStudioVersion = 10.0.40219.1
Project("{FAE04EC0-301F-11D3-BF4B-00C04F79EFBC}") = "HomeFlow", "HomeFlow\HomeFlow\HomeFlow.csproj", "{562B791F-72B4-44B9-8D31-9A684DF1A021}"
EndProject
Project("{FAE04EC0-301F-11D3-BF4B-00C04F79EFBC}") = "HomeFlow.Tests.Integration", "HomeFlow\HomeFlow.Tests.Integration\HomeFlow.Tests.Integration.csproj", "{17BE94DC-CCE4-27D2-10B8-EF1F732B8C93}"
EndProject
Project("{FAE04EC0-301F-11D3-BF4B-00C04F79EFBC}") = "HomeFlow.Tests.UnitTests", "HomeFlow\HomeFlow.Tests.UnitTests\HomeFlow.Tests.UnitTests.csproj", "{20C339D9-B06F-2C6A-7604-3CDA99D6CE9D}"
EndProject
Global
	GlobalSection(SolutionConfigurationPlatforms) = preSolution
		Debug|Any CPU = Debug|Any CPU
		Release|Any CPU = Release|Any CPU
	EndGlobalSection
	GlobalSection(ProjectConfigurationPlatforms) = postSolution
		{562B791F-72B4-44B9-8D31-9A684DF1A021}.Debug|Any CPU.ActiveCfg = Debug|Any CPU
		{562B791F-72B4-44B9-8D31-9A684DF1A021}.Debug|Any CPU.Build.0 = Debug|Any CPU
		{562B791F-72B4-44B9-8D31-9A684DF1A021}.Release|Any CPU.ActiveCfg = Release|Any CPU
		{562B791F-72B4-44B9-8D31-9A684DF1A021}.Release|Any CPU.Build.0 = Release|Any CPU
		{17BE94DC-CCE4-27D2-10B8-EF1F732B8C93}.Debug|Any CPU.ActiveCfg = Debug|Any CPU
		{17BE94DC-CCE4-27D2-10B8-EF1F732B8C93}.Debug|Any CPU.Build.0 = Debug|Any CPU
		{17BE94DC-CCE4-27D2-10B8-EF1F732B8C93}.Release|Any CPU.ActiveCfg = Release|Any CPU
		{17BE94DC-CCE4-27D2-10B8-EF1F732B8C93}.Release|Any CPU.Build.0 = Release|Any CPU
		{20C339D9-B06F-2C6A-7604-3CDA99D6CE9D}.Debug|Any CPU.ActiveCfg = Debug|Any CPU
		{20C339D9-B06F-2C6A-7604-3CDA99D6CE9D}.Debug|Any CPU.Build.0 = Debug|Any CPU
		{20C339D9-B06F-2C6A-7604-3CDA99D6CE9D}.Release|Any CPU.ActiveCfg = Release|Any CPU
		{20C339D9-B06F-2C6A-7604-3CDA99D6CE9D}.Release|Any CPU.Build.0 = Release|Any CPU
	EndGlobalSection
	GlobalSection(SolutionProperties) = preSolution
		HideSolutionNode = FALSE
	EndGlobalSection
	GlobalSection(ExtensibilityGlobals) = postSolution
		SolutionGuid = {C67DEB5F-9EFB-4455-8EDF-7E3061C2654C}
	EndGlobalSection
EndGlobal
